
Microsoft Visual Studio Solution File, Format Version 12.00
# Visual Studio Version 17
VisualStudioVersion = 17.14.36327.8
MinimumVisualStudioVersion = 10.0.40219.1
Project("{FAE04EC0-301F-11D3-BF4B-00C04F79EFBC}") = "Client", "Client\Client.csproj", "{928595C7-22EA-41BC-B5FC-48400A46AB0E}"
EndProject
Project("{FAE04EC0-301F-11D3-BF4B-00C04F79EFBC}") = "Serveur", "Serveur\Serveur.csproj", "{B66F4AAE-41AF-4350-85A7-73CD4E967BDC}"
EndProject
Project("{FAE04EC0-301F-11D3-BF4B-00C04F79EFBC}") = "LibrairieClasse", "LibrairieClasse\LibrairieClasse.csproj", "{DE9BC268-8FF2-47EE-AC05-FCD3C7D0415C}"
EndProject
Project("{FAE04EC0-301F-11D3-BF4B-00C04F79EFBC}") = "LibrairieTest", "LibrairieTest\LibrairieTest.csproj", "{65133803-91A4-437E-A759-FB6A873FCECE}"
EndProject
Global
	GlobalSection(SolutionConfigurationPlatforms) = preSolution
		Debug|Any CPU = Debug|Any CPU
		Release|Any CPU = Release|Any CPU
	EndGlobalSection
	GlobalSection(ProjectConfigurationPlatforms) = postSolution
		{928595C7-22EA-41BC-B5FC-48400A46AB0E}.Debug|Any CPU.ActiveCfg = Debug|Any CPU
		{928595C7-22EA-41BC-B5FC-48400A46AB0E}.Debug|Any CPU.Build.0 = Debug|Any CPU
		{928595C7-22EA-41BC-B5FC-48400A46AB0E}.Release|Any CPU.ActiveCfg = Release|Any CPU
		{928595C7-22EA-41BC-B5FC-48400A46AB0E}.Release|Any CPU.Build.0 = Release|Any CPU
		{B66F4AAE-41AF-4350-85A7-73CD4E967BDC}.Debug|Any CPU.ActiveCfg = Debug|Any CPU
		{B66F4AAE-41AF-4350-85A7-73CD4E967BDC}.Debug|Any CPU.Build.0 = Debug|Any CPU
		{B66F4AAE-41AF-4350-85A7-73CD4E967BDC}.Release|Any CPU.ActiveCfg = Release|Any CPU
		{B66F4AAE-41AF-4350-85A7-73CD4E967BDC}.Release|Any CPU.Build.0 = Release|Any CPU
		{DE9BC268-8FF2-47EE-AC05-FCD3C7D0415C}.Debug|Any CPU.ActiveCfg = Debug|Any CPU
		{DE9BC268-8FF2-47EE-AC05-FCD3C7D0415C}.Debug|Any CPU.Build.0 = Debug|Any CPU
		{DE9BC268-8FF2-47EE-AC05-FCD3C7D0415C}.Release|Any CPU.ActiveCfg = Release|Any CPU
		{DE9BC268-8FF2-47EE-AC05-FCD3C7D0415C}.Release|Any CPU.Build.0 = Release|Any CPU
		{65133803-91A4-437E-A759-FB6A873FCECE}.Debug|Any CPU.ActiveCfg = Debug|Any CPU
		{65133803-91A4-437E-A759-FB6A873FCECE}.Debug|Any CPU.Build.0 = Debug|Any CPU
		{65133803-91A4-437E-A759-FB6A873FCECE}.Release|Any CPU.ActiveCfg = Release|Any CPU
		{65133803-91A4-437E-A759-FB6A873FCECE}.Release|Any CPU.Build.0 = Release|Any CPU
	EndGlobalSection
	GlobalSection(SolutionProperties) = preSolution
		HideSolutionNode = FALSE
	EndGlobalSection
	GlobalSection(ExtensibilityGlobals) = postSolution
		SolutionGuid = {5643321A-21F5-4784-90A0-A730290FE8C3}
	EndGlobalSection
EndGlobal
